
Microsoft Visual Studio Solution File, Format Version 12.00
# Visual Studio 15
VisualStudioVersion = 15.0.27004.2009
MinimumVisualStudioVersion = 10.0.40219.1
Project("{FAE04EC0-301F-11D3-BF4B-00C04F79EFBC}") = "CRUD", "CRUD\CRUD.csproj", "{BD26DC92-E299-4F53-9DF2-009BAFEC21BF}"
EndProject
Global
	GlobalSection(SolutionConfigurationPlatforms) = preSolution
		Debug|Any CPU = Debug|Any CPU
		Release|Any CPU = Release|Any CPU
	EndGlobalSection
	GlobalSection(ProjectConfigurationPlatforms) = postSolution
		{BD26DC92-E299-4F53-9DF2-009BAFEC21BF}.Debug|Any CPU.ActiveCfg = Debug|Any CPU
		{BD26DC92-E299-4F53-9DF2-009BAFEC21BF}.Debug|Any CPU.Build.0 = Debug|Any CPU
		{BD26DC92-E299-4F53-9DF2-009BAFEC21BF}.Release|Any CPU.ActiveCfg = Release|Any CPU
		{BD26DC92-E299-4F53-9DF2-009BAFEC21BF}.Release|Any CPU.Build.0 = Release|Any CPU
	EndGlobalSection
	GlobalSection(SolutionProperties) = preSolution
		HideSolutionNode = FALSE
	EndGlobalSection
	GlobalSection(ExtensibilityGlobals) = postSolution
		SolutionGuid = {1D0BC00F-B77C-4841-B2BC-97E995FB6370}
	EndGlobalSection
EndGlobal
